
Microsoft Visual Studio Solution File, Format Version 12.00
# Visual Studio Version 17
VisualStudioVersion = 17.12.35527.113 d17.12
MinimumVisualStudioVersion = 10.0.40219.1
Project("{FAE04EC0-301F-11D3-BF4B-00C04F79EFBC}") = "Arapos.Api", "Arapos.Api\Arapos.Api.csproj", "{CADA1E08-FEC2-4B96-AD89-3081550ABDBB}"
EndProject
Global
	GlobalSection(SolutionConfigurationPlatforms) = preSolution
		Debug|Any CPU = Debug|Any CPU
		Release|Any CPU = Release|Any CPU
	EndGlobalSection
	GlobalSection(ProjectConfigurationPlatforms) = postSolution
		{CADA1E08-FEC2-4B96-AD89-3081550ABDBB}.Debug|Any CPU.ActiveCfg = Debug|Any CPU
		{CADA1E08-FEC2-4B96-AD89-3081550ABDBB}.Debug|Any CPU.Build.0 = Debug|Any CPU
		{CADA1E08-FEC2-4B96-AD89-3081550ABDBB}.Release|Any CPU.ActiveCfg = Release|Any CPU
		{CADA1E08-FEC2-4B96-AD89-3081550ABDBB}.Release|Any CPU.Build.0 = Release|Any CPU
	EndGlobalSection
	GlobalSection(SolutionProperties) = preSolution
		HideSolutionNode = FALSE
	EndGlobalSection
EndGlobal
